// !$*UTF8*$!
{
	archiveVersion = 1;
	classes = {
	};
	objectVersion = 55;
	objects = {

/* Begin PBXBuildFile section */
		691402E3286DCAE900985818 /* BlurViewController.swift in Sources */ = {isa = PBXBuildFile; fileRef = 691402E1286DCAE900985818 /* BlurViewController.swift */; };
		691402E4286DCAE900985818 /* BlurViewController.xib in Resources */ = {isa = PBXBuildFile; fileRef = 691402E2286DCAE900985818 /* BlurViewController.xib */; };
		693E4F4B28769D110037C959 /* ThumbnailCollectionViewCell.swift in Sources */ = {isa = PBXBuildFile; fileRef = 693E4F4928769D110037C959 /* ThumbnailCollectionViewCell.swift */; };
		693E4F4C28769D110037C959 /* ThumbnailCollectionViewCell.xib in Resources */ = {isa = PBXBuildFile; fileRef = 693E4F4A28769D110037C959 /* ThumbnailCollectionViewCell.xib */; };
		698B160528756AC300C23D36 /* GPUImage.framework in Frameworks */ = {isa = PBXBuildFile; fileRef = 698B160028756AAA00C23D36 /* GPUImage.framework */; };
		698B160628756AD000C23D36 /* GPUImage.framework in CopyFiles */ = {isa = PBXBuildFile; fileRef = 698B160028756AAA00C23D36 /* GPUImage.framework */; settings = {ATTRIBUTES = (CodeSignOnCopy, RemoveHeadersOnCopy, ); }; };
		698DC52C286AF3EC00ACB330 /* AppDelegate.swift in Sources */ = {isa = PBXBuildFile; fileRef = 698DC52B286AF3EC00ACB330 /* AppDelegate.swift */; };
		698DC52E286AF3EC00ACB330 /* SceneDelegate.swift in Sources */ = {isa = PBXBuildFile; fileRef = 698DC52D286AF3EC00ACB330 /* SceneDelegate.swift */; };
		698DC530286AF3EC00ACB330 /* ViewController.swift in Sources */ = {isa = PBXBuildFile; fileRef = 698DC52F286AF3EC00ACB330 /* ViewController.swift */; };
		698DC533286AF3EC00ACB330 /* Main.storyboard in Resources */ = {isa = PBXBuildFile; fileRef = 698DC531286AF3EC00ACB330 /* Main.storyboard */; };
		698DC535286AF3ED00ACB330 /* Assets.xcassets in Resources */ = {isa = PBXBuildFile; fileRef = 698DC534286AF3ED00ACB330 /* Assets.xcassets */; };
		698DC538286AF3ED00ACB330 /* LaunchScreen.storyboard in Resources */ = {isa = PBXBuildFile; fileRef = 698DC536286AF3ED00ACB330 /* LaunchScreen.storyboard */; };
		B3C3005F712A20B3C0F021A3 /* Pods_myProject.framework in Frameworks */ = {isa = PBXBuildFile; fileRef = 86BF4762BEA796C27C3B3FDF /* Pods_myProject.framework */; };
/* End PBXBuildFile section */

/* Begin PBXContainerItemProxy section */
		698B15FF28756AAA00C23D36 /* PBXContainerItemProxy */ = {
			isa = PBXContainerItemProxy;
			containerPortal = 698B15FA28756AAA00C23D36 /* GPUImage.xcodeproj */;
			proxyType = 2;
			remoteGlobalIDString = BCE0BE7C20D6DE610006E120;
			remoteInfo = GPUImage_iOS;
		};
		698B160128756AAA00C23D36 /* PBXContainerItemProxy */ = {
			isa = PBXContainerItemProxy;
			containerPortal = 698B15FA28756AAA00C23D36 /* GPUImage.xcodeproj */;
			proxyType = 2;
			remoteGlobalIDString = BCE0BE8C20D6E2B80006E120;
			remoteInfo = GPUImage_macOS;
		};
		698B160328756AB900C23D36 /* PBXContainerItemProxy */ = {
			isa = PBXContainerItemProxy;
			containerPortal = 698B15FA28756AAA00C23D36 /* GPUImage.xcodeproj */;
			proxyType = 1;
			remoteGlobalIDString = BCE0BE7B20D6DE610006E120;
			remoteInfo = GPUImage_iOS;
		};
/* End PBXContainerItemProxy section */

/* Begin PBXCopyFilesBuildPhase section */
		691B1A0B286B184000BE091B /* CopyFiles */ = {
			isa = PBXCopyFilesBuildPhase;
			buildActionMask = 12;
			dstPath = "";
			dstSubfolderSpec = 10;
			files = (
				698B160628756AD000C23D36 /* GPUImage.framework in CopyFiles */,
			);
			runOnlyForDeploymentPostprocessing = 0;
		};
/* End PBXCopyFilesBuildPhase section */

/* Begin PBXFileReference section */
		30E9003DB7A64E68D29F23C5 /* Pods-myProject.debug.xcconfig */ = {isa = PBXFileReference; includeInIndex = 1; lastKnownFileType = text.xcconfig; name = "Pods-myProject.debug.xcconfig"; path = "Target Support Files/Pods-myProject/Pods-myProject.debug.xcconfig"; sourceTree = "<group>"; };
		673643AB58FEDBC4B6BC96B3 /* Pods-myProject.release.xcconfig */ = {isa = PBXFileReference; includeInIndex = 1; lastKnownFileType = text.xcconfig; name = "Pods-myProject.release.xcconfig"; path = "Target Support Files/Pods-myProject/Pods-myProject.release.xcconfig"; sourceTree = "<group>"; };
		691402E1286DCAE900985818 /* BlurViewController.swift */ = {isa = PBXFileReference; lastKnownFileType = sourcecode.swift; path = BlurViewController.swift; sourceTree = "<group>"; };
		691402E2286DCAE900985818 /* BlurViewController.xib */ = {isa = PBXFileReference; lastKnownFileType = file.xib; path = BlurViewController.xib; sourceTree = "<group>"; };
		693E4F4928769D110037C959 /* ThumbnailCollectionViewCell.swift */ = {isa = PBXFileReference; lastKnownFileType = sourcecode.swift; path = ThumbnailCollectionViewCell.swift; sourceTree = "<group>"; };
		693E4F4A28769D110037C959 /* ThumbnailCollectionViewCell.xib */ = {isa = PBXFileReference; lastKnownFileType = file.xib; path = ThumbnailCollectionViewCell.xib; sourceTree = "<group>"; };
		698B15FA28756AAA00C23D36 /* GPUImage.xcodeproj */ = {isa = PBXFileReference; lastKnownFileType = "wrapper.pb-project"; name = GPUImage.xcodeproj; path = ../../GPUImage3/framework/GPUImage.xcodeproj; sourceTree = "<group>"; };
		698DC528286AF3EC00ACB330 /* myProject.app */ = {isa = PBXFileReference; explicitFileType = wrapper.application; includeInIndex = 0; path = myProject.app; sourceTree = BUILT_PRODUCTS_DIR; };
		698DC52B286AF3EC00ACB330 /* AppDelegate.swift */ = {isa = PBXFileReference; lastKnownFileType = sourcecode.swift; path = AppDelegate.swift; sourceTree = "<group>"; };
		698DC52D286AF3EC00ACB330 /* SceneDelegate.swift */ = {isa = PBXFileReference; lastKnownFileType = sourcecode.swift; path = SceneDelegate.swift; sourceTree = "<group>"; };
		698DC52F286AF3EC00ACB330 /* ViewController.swift */ = {isa = PBXFileReference; lastKnownFileType = sourcecode.swift; path = ViewController.swift; sourceTree = "<group>"; };
		698DC532286AF3EC00ACB330 /* Base */ = {isa = PBXFileReference; lastKnownFileType = file.storyboard; name = Base; path = Base.lproj/Main.storyboard; sourceTree = "<group>"; };
		698DC534286AF3ED00ACB330 /* Assets.xcassets */ = {isa = PBXFileReference; lastKnownFileType = folder.assetcatalog; path = Assets.xcassets; sourceTree = "<group>"; };
		698DC537286AF3ED00ACB330 /* Base */ = {isa = PBXFileReference; lastKnownFileType = file.storyboard; name = Base; path = Base.lproj/LaunchScreen.storyboard; sourceTree = "<group>"; };
		698DC539286AF3ED00ACB330 /* Info.plist */ = {isa = PBXFileReference; lastKnownFileType = text.plist.xml; path = Info.plist; sourceTree = "<group>"; };
		86BF4762BEA796C27C3B3FDF /* Pods_myProject.framework */ = {isa = PBXFileReference; explicitFileType = wrapper.framework; includeInIndex = 0; path = Pods_myProject.framework; sourceTree = BUILT_PRODUCTS_DIR; };
/* End PBXFileReference section */

/* Begin PBXFrameworksBuildPhase section */
		698DC525286AF3EC00ACB330 /* Frameworks */ = {
			isa = PBXFrameworksBuildPhase;
			buildActionMask = 2147483647;
			files = (
				698B160528756AC300C23D36 /* GPUImage.framework in Frameworks */,
				B3C3005F712A20B3C0F021A3 /* Pods_myProject.framework in Frameworks */,
			);
			runOnlyForDeploymentPostprocessing = 0;
		};
/* End PBXFrameworksBuildPhase section */

/* Begin PBXGroup section */
		1F51BB46D2ECDEA4C2394227 /* Pods */ = {
			isa = PBXGroup;
			children = (
				30E9003DB7A64E68D29F23C5 /* Pods-myProject.debug.xcconfig */,
				673643AB58FEDBC4B6BC96B3 /* Pods-myProject.release.xcconfig */,
			);
			path = Pods;
			sourceTree = "<group>";
		};
		691B19E7286B175600BE091B /* Frameworks */ = {
			isa = PBXGroup;
			children = (
				86BF4762BEA796C27C3B3FDF /* Pods_myProject.framework */,
			);
			name = Frameworks;
			sourceTree = "<group>";
		};
		698B15FB28756AAA00C23D36 /* Products */ = {
			isa = PBXGroup;
			children = (
				698B160028756AAA00C23D36 /* GPUImage.framework */,
				698B160228756AAA00C23D36 /* GPUImage.framework */,
			);
			name = Products;
			sourceTree = "<group>";
		};
		698DC51F286AF3EC00ACB330 = {
			isa = PBXGroup;
			children = (
				698B15FA28756AAA00C23D36 /* GPUImage.xcodeproj */,
				698DC52A286AF3EC00ACB330 /* myProject */,
				698DC529286AF3EC00ACB330 /* Products */,
				691B19E7286B175600BE091B /* Frameworks */,
				1F51BB46D2ECDEA4C2394227 /* Pods */,
			);
			sourceTree = "<group>";
		};
		698DC529286AF3EC00ACB330 /* Products */ = {
			isa = PBXGroup;
			children = (
				698DC528286AF3EC00ACB330 /* myProject.app */,
			);
			name = Products;
			sourceTree = "<group>";
		};
		698DC52A286AF3EC00ACB330 /* myProject */ = {
			isa = PBXGroup;
			children = (
				698DC52B286AF3EC00ACB330 /* AppDelegate.swift */,
				698DC52D286AF3EC00ACB330 /* SceneDelegate.swift */,
				698DC52F286AF3EC00ACB330 /* ViewController.swift */,
				698DC531286AF3EC00ACB330 /* Main.storyboard */,
				698DC534286AF3ED00ACB330 /* Assets.xcassets */,
				698DC536286AF3ED00ACB330 /* LaunchScreen.storyboard */,
				698DC539286AF3ED00ACB330 /* Info.plist */,
				691402E1286DCAE900985818 /* BlurViewController.swift */,
				691402E2286DCAE900985818 /* BlurViewController.xib */,
				693E4F4928769D110037C959 /* ThumbnailCollectionViewCell.swift */,
				693E4F4A28769D110037C959 /* ThumbnailCollectionViewCell.xib */,
			);
			path = myProject;
			sourceTree = "<group>";
		};
/* End PBXGroup section */

/* Begin PBXNativeTarget section */
		698DC527286AF3EC00ACB330 /* myProject */ = {
			isa = PBXNativeTarget;
			buildConfigurationList = 698DC53C286AF3ED00ACB330 /* Build configuration list for PBXNativeTarget "myProject" */;
			buildPhases = (
				F3807920FBB7AE02BA145C6F /* [CP] Check Pods Manifest.lock */,
				698DC524286AF3EC00ACB330 /* Sources */,
				698DC525286AF3EC00ACB330 /* Frameworks */,
				698DC526286AF3EC00ACB330 /* Resources */,
				691B1A0B286B184000BE091B /* CopyFiles */,
				7F0ED196CC96CD47EC7BA394 /* [CP] Embed Pods Frameworks */,
			);
			buildRules = (
			);
			dependencies = (
				698B160428756AB900C23D36 /* PBXTargetDependency */,
			);
			name = myProject;
			productName = myProject;
			productReference = 698DC528286AF3EC00ACB330 /* myProject.app */;
			productType = "com.apple.product-type.application";
		};
/* End PBXNativeTarget section */

/* Begin PBXProject section */
		698DC520286AF3EC00ACB330 /* Project object */ = {
			isa = PBXProject;
			attributes = {
				BuildIndependentTargetsInParallel = 1;
				LastSwiftUpdateCheck = 1320;
				LastUpgradeCheck = 1320;
				TargetAttributes = {
					698DC527286AF3EC00ACB330 = {
						CreatedOnToolsVersion = 13.2.1;
					};
				};
			};
			buildConfigurationList = 698DC523286AF3EC00ACB330 /* Build configuration list for PBXProject "myProject" */;
			compatibilityVersion = "Xcode 13.0";
			developmentRegion = en;
			hasScannedForEncodings = 0;
			knownRegions = (
				en,
				Base,
			);
			mainGroup = 698DC51F286AF3EC00ACB330;
			productRefGroup = 698DC529286AF3EC00ACB330 /* Products */;
			projectDirPath = "";
			projectReferences = (
				{
					ProductGroup = 698B15FB28756AAA00C23D36 /* Products */;
					ProjectRef = 698B15FA28756AAA00C23D36 /* GPUImage.xcodeproj */;
				},
			);
			projectRoot = "";
			targets = (
				698DC527286AF3EC00ACB330 /* myProject */,
			);
		};
/* End PBXProject section */

/* Begin PBXReferenceProxy section */
		698B160028756AAA00C23D36 /* GPUImage.framework */ = {
			isa = PBXReferenceProxy;
			fileType = wrapper.framework;
			path = GPUImage.framework;
			remoteRef = 698B15FF28756AAA00C23D36 /* PBXContainerItemProxy */;
			sourceTree = BUILT_PRODUCTS_DIR;
		};
		698B160228756AAA00C23D36 /* GPUImage.framework */ = {
			isa = PBXReferenceProxy;
			fileType = wrapper.framework;
			path = GPUImage.framework;
			remoteRef = 698B160128756AAA00C23D36 /* PBXContainerItemProxy */;
			sourceTree = BUILT_PRODUCTS_DIR;
		};
/* End PBXReferenceProxy section */

/* Begin PBXResourcesBuildPhase section */
		698DC526286AF3EC00ACB330 /* Resources */ = {
			isa = PBXResourcesBuildPhase;
			buildActionMask = 2147483647;
			files = (
				698DC538286AF3ED00ACB330 /* LaunchScreen.storyboard in Resources */,
				698DC535286AF3ED00ACB330 /* Assets.xcassets in Resources */,
				693E4F4C28769D110037C959 /* ThumbnailCollectionViewCell.xib in Resources */,
				698DC533286AF3EC00ACB330 /* Main.storyboard in Resources */,
				691402E4286DCAE900985818 /* BlurViewController.xib in Resources */,
			);
			runOnlyForDeploymentPostprocessing = 0;
		};
/* End PBXResourcesBuildPhase section */

/* Begin PBXShellScriptBuildPhase section */
		7F0ED196CC96CD47EC7BA394 /* [CP] Embed Pods Frameworks */ = {
			isa = PBXShellScriptBuildPhase;
			buildActionMask = 2147483647;
			files = (
			);
			inputFileListPaths = (
				"${PODS_ROOT}/Target Support Files/Pods-myProject/Pods-myProject-frameworks-${CONFIGURATION}-input-files.xcfilelist",
			);
			name = "[CP] Embed Pods Frameworks";
			outputFileListPaths = (
				"${PODS_ROOT}/Target Support Files/Pods-myProject/Pods-myProject-frameworks-${CONFIGURATION}-output-files.xcfilelist",
			);
			runOnlyForDeploymentPostprocessing = 0;
			shellPath = /bin/sh;
			shellScript = "\"${PODS_ROOT}/Target Support Files/Pods-myProject/Pods-myProject-frameworks.sh\"\n";
			showEnvVarsInLog = 0;
		};
		F3807920FBB7AE02BA145C6F /* [CP] Check Pods Manifest.lock */ = {
			isa = PBXShellScriptBuildPhase;
			buildActionMask = 2147483647;
			files = (
			);
			inputFileListPaths = (
			);
			inputPaths = (
				"${PODS_PODFILE_DIR_PATH}/Podfile.lock",
				"${PODS_ROOT}/Manifest.lock",
			);
			name = "[CP] Check Pods Manifest.lock";
			outputFileListPaths = (
			);
			outputPaths = (
				"$(DERIVED_FILE_DIR)/Pods-myProject-checkManifestLockResult.txt",
			);
			runOnlyForDeploymentPostprocessing = 0;
			shellPath = /bin/sh;
			shellScript = "diff \"${PODS_PODFILE_DIR_PATH}/Podfile.lock\" \"${PODS_ROOT}/Manifest.lock\" > /dev/null\nif [ $? != 0 ] ; then\n    # print error to STDERR\n    echo \"error: The sandbox is not in sync with the Podfile.lock. Run 'pod install' or update your CocoaPods installation.\" >&2\n    exit 1\nfi\n# This output is used by Xcode 'outputs' to avoid re-running this script phase.\necho \"SUCCESS\" > \"${SCRIPT_OUTPUT_FILE_0}\"\n";
			showEnvVarsInLog = 0;
		};
/* End PBXShellScriptBuildPhase section */

/* Begin PBXSourcesBuildPhase section */
		698DC524286AF3EC00ACB330 /* Sources */ = {
			isa = PBXSourcesBuildPhase;
			buildActionMask = 2147483647;
			files = (
				698DC530286AF3EC00ACB330 /* ViewController.swift in Sources */,
				698DC52C286AF3EC00ACB330 /* AppDelegate.swift in Sources */,
				698DC52E286AF3EC00ACB330 /* SceneDelegate.swift in Sources */,
				693E4F4B28769D110037C959 /* ThumbnailCollectionViewCell.swift in Sources */,
				691402E3286DCAE900985818 /* BlurViewController.swift in Sources */,
			);
			runOnlyForDeploymentPostprocessing = 0;
		};
/* End PBXSourcesBuildPhase section */

/* Begin PBXTargetDependency section */
		698B160428756AB900C23D36 /* PBXTargetDependency */ = {
			isa = PBXTargetDependency;
			name = GPUImage_iOS;
			targetProxy = 698B160328756AB900C23D36 /* PBXContainerItemProxy */;
		};
/* End PBXTargetDependency section */

/* Begin PBXVariantGroup section */
		698DC531286AF3EC00ACB330 /* Main.storyboard */ = {
			isa = PBXVariantGroup;
			children = (
				698DC532286AF3EC00ACB330 /* Base */,
			);
			name = Main.storyboard;
			sourceTree = "<group>";
		};
		698DC536286AF3ED00ACB330 /* LaunchScreen.storyboard */ = {
			isa = PBXVariantGroup;
			children = (
				698DC537286AF3ED00ACB330 /* Base */,
			);
			name = LaunchScreen.storyboard;
			sourceTree = "<group>";
		};
/* End PBXVariantGroup section */

/* Begin XCBuildConfiguration section */
		698DC53A286AF3ED00ACB330 /* Debug */ = {
			isa = XCBuildConfiguration;
			buildSettings = {
				ALWAYS_SEARCH_USER_PATHS = NO;
				CLANG_ANALYZER_NONNULL = YES;
				CLANG_ANALYZER_NUMBER_OBJECT_CONVERSION = YES_AGGRESSIVE;
				CLANG_CXX_LANGUAGE_STANDARD = "gnu++17";
				CLANG_CXX_LIBRARY = "libc++";
				CLANG_ENABLE_MODULES = YES;
				CLANG_ENABLE_OBJC_ARC = YES;
				CLANG_ENABLE_OBJC_WEAK = YES;
				CLANG_WARN_BLOCK_CAPTURE_AUTORELEASING = YES;
				CLANG_WARN_BOOL_CONVERSION = YES;
				CLANG_WARN_COMMA = YES;
				CLANG_WARN_CONSTANT_CONVERSION = YES;
				CLANG_WARN_DEPRECATED_OBJC_IMPLEMENTATIONS = YES;
				CLANG_WARN_DIRECT_OBJC_ISA_USAGE = YES_ERROR;
				CLANG_WARN_DOCUMENTATION_COMMENTS = YES;
				CLANG_WARN_EMPTY_BODY = YES;
				CLANG_WARN_ENUM_CONVERSION = YES;
				CLANG_WARN_INFINITE_RECURSION = YES;
				CLANG_WARN_INT_CONVERSION = YES;
				CLANG_WARN_NON_LITERAL_NULL_CONVERSION = YES;
				CLANG_WARN_OBJC_IMPLICIT_RETAIN_SELF = YES;
				CLANG_WARN_OBJC_LITERAL_CONVERSION = YES;
				CLANG_WARN_OBJC_ROOT_CLASS = YES_ERROR;
				CLANG_WARN_QUOTED_INCLUDE_IN_FRAMEWORK_HEADER = YES;
				CLANG_WARN_RANGE_LOOP_ANALYSIS = YES;
				CLANG_WARN_STRICT_PROTOTYPES = YES;
				CLANG_WARN_SUSPICIOUS_MOVE = YES;
				CLANG_WARN_UNGUARDED_AVAILABILITY = YES_AGGRESSIVE;
				CLANG_WARN_UNREACHABLE_CODE = YES;
				CLANG_WARN__DUPLICATE_METHOD_MATCH = YES;
				COPY_PHASE_STRIP = NO;
				DEBUG_INFORMATION_FORMAT = dwarf;
				ENABLE_STRICT_OBJC_MSGSEND = YES;
				ENABLE_TESTABILITY = YES;
				GCC_C_LANGUAGE_STANDARD = gnu11;
				GCC_DYNAMIC_NO_PIC = NO;
				GCC_NO_COMMON_BLOCKS = YES;
				GCC_OPTIMIZATION_LEVEL = 0;
				GCC_PREPROCESSOR_DEFINITIONS = (
					"DEBUG=1",
					"$(inherited)",
				);
				GCC_WARN_64_TO_32_BIT_CONVERSION = YES;
				GCC_WARN_ABOUT_RETURN_TYPE = YES_ERROR;
				GCC_WARN_UNDECLARED_SELECTOR = YES;
				GCC_WARN_UNINITIALIZED_AUTOS = YES_AGGRESSIVE;
				GCC_WARN_UNUSED_FUNCTION = YES;
				GCC_WARN_UNUSED_VARIABLE = YES;
				IPHONEOS_DEPLOYMENT_TARGET = 15.2;
				MTL_ENABLE_DEBUG_INFO = INCLUDE_SOURCE;
				MTL_FAST_MATH = YES;
				ONLY_ACTIVE_ARCH = YES;
				SDKROOT = iphoneos;
				SWIFT_ACTIVE_COMPILATION_CONDITIONS = DEBUG;
				SWIFT_OPTIMIZATION_LEVEL = "-Onone";
			};
			name = Debug;
		};
		698DC53B286AF3ED00ACB330 /* Release */ = {
			isa = XCBuildConfiguration;
			buildSettings = {
				ALWAYS_SEARCH_USER_PATHS = NO;
				CLANG_ANALYZER_NONNULL = YES;
				CLANG_ANALYZER_NUMBER_OBJECT_CONVERSION = YES_AGGRESSIVE;
				CLANG_CXX_LANGUAGE_STANDARD = "gnu++17";
				CLANG_CXX_LIBRARY = "libc++";
				CLANG_ENABLE_MODULES = YES;
				CLANG_ENABLE_OBJC_ARC = YES;
				CLANG_ENABLE_OBJC_WEAK = YES;
				CLANG_WARN_BLOCK_CAPTURE_AUTORELEASING = YES;
				CLANG_WARN_BOOL_CONVERSION = YES;
				CLANG_WARN_COMMA = YES;
				CLANG_WARN_CONSTANT_CONVERSION = YES;
				CLANG_WARN_DEPRECATED_OBJC_IMPLEMENTATIONS = YES;
				CLANG_WARN_DIRECT_OBJC_ISA_USAGE = YES_ERROR;
				CLANG_WARN_DOCUMENTATION_COMMENTS = YES;
				CLANG_WARN_EMPTY_BODY = YES;
				CLANG_WARN_ENUM_CONVERSION = YES;
				CLANG_WARN_INFINITE_RECURSION = YES;
				CLANG_WARN_INT_CONVERSION = YES;
				CLANG_WARN_NON_LITERAL_NULL_CONVERSION = YES;
				CLANG_WARN_OBJC_IMPLICIT_RETAIN_SELF = YES;
				CLANG_WARN_OBJC_LITERAL_CONVERSION = YES;
				CLANG_WARN_OBJC_ROOT_CLASS = YES_ERROR;
				CLANG_WARN_QUOTED_INCLUDE_IN_FRAMEWORK_HEADER = YES;
				CLANG_WARN_RANGE_LOOP_ANALYSIS = YES;
				CLANG_WARN_STRICT_PROTOTYPES = YES;
				CLANG_WARN_SUSPICIOUS_MOVE = YES;
				CLANG_WARN_UNGUARDED_AVAILABILITY = YES_AGGRESSIVE;
				CLANG_WARN_UNREACHABLE_CODE = YES;
				CLANG_WARN__DUPLICATE_METHOD_MATCH = YES;
				COPY_PHASE_STRIP = NO;
				DEBUG_INFORMATION_FORMAT = "dwarf-with-dsym";
				ENABLE_NS_ASSERTIONS = NO;
				ENABLE_STRICT_OBJC_MSGSEND = YES;
				GCC_C_LANGUAGE_STANDARD = gnu11;
				GCC_NO_COMMON_BLOCKS = YES;
				GCC_WARN_64_TO_32_BIT_CONVERSION = YES;
				GCC_WARN_ABOUT_RETURN_TYPE = YES_ERROR;
				GCC_WARN_UNDECLARED_SELECTOR = YES;
				GCC_WARN_UNINITIALIZED_AUTOS = YES_AGGRESSIVE;
				GCC_WARN_UNUSED_FUNCTION = YES;
				GCC_WARN_UNUSED_VARIABLE = YES;
				IPHONEOS_DEPLOYMENT_TARGET = 15.2;
				MTL_ENABLE_DEBUG_INFO = NO;
				MTL_FAST_MATH = YES;
				SDKROOT = iphoneos;
				SWIFT_COMPILATION_MODE = wholemodule;
				SWIFT_OPTIMIZATION_LEVEL = "-O";
				VALIDATE_PRODUCT = YES;
			};
			name = Release;
		};
		698DC53D286AF3ED00ACB330 /* Debug */ = {
			isa = XCBuildConfiguration;
			baseConfigurationReference = 30E9003DB7A64E68D29F23C5 /* Pods-myProject.debug.xcconfig */;
			buildSettings = {
				ASSETCATALOG_COMPILER_APPICON_NAME = AppIcon;
				ASSETCATALOG_COMPILER_GLOBAL_ACCENT_COLOR_NAME = AccentColor;
				CODE_SIGN_STYLE = Automatic;
				CURRENT_PROJECT_VERSION = 1;
				DEVELOPMENT_TEAM = 8J26HD2485;
				GENERATE_INFOPLIST_FILE = YES;
				INFOPLIST_FILE = myProject/Info.plist;
				INFOPLIST_KEY_UIApplicationSupportsIndirectInputEvents = YES;
				INFOPLIST_KEY_UILaunchStoryboardName = LaunchScreen;
				INFOPLIST_KEY_UIMainStoryboardFile = Main;
				INFOPLIST_KEY_UISupportedInterfaceOrientations_iPad = "UIInterfaceOrientationPortrait UIInterfaceOrientationPortraitUpsideDown UIInterfaceOrientationLandscapeLeft UIInterfaceOrientationLandscapeRight";
				INFOPLIST_KEY_UISupportedInterfaceOrientations_iPhone = "UIInterfaceOrientationPortrait UIInterfaceOrientationLandscapeLeft UIInterfaceOrientationLandscapeRight";
				LD_RUNPATH_SEARCH_PATHS = (
					"$(inherited)",
					"@executable_path/Frameworks",
				);
				MARKETING_VERSION = 1.0;
				PRODUCT_BUNDLE_IDENTIFIER = mubin.khan.myProject;
				PRODUCT_NAME = "$(TARGET_NAME)";
				SWIFT_EMIT_LOC_STRINGS = YES;
				SWIFT_VERSION = 5.0;
				TARGETED_DEVICE_FAMILY = "1,2";
			};
			name = Debug;
		};
		698DC53E286AF3ED00ACB330 /* Release */ = {
			isa = XCBuildConfiguration;
			baseConfigurationReference = 673643AB58FEDBC4B6BC96B3 /* Pods-myProject.release.xcconfig */;
			buildSettings = {
				ASSETCATALOG_COMPILER_APPICON_NAME = AppIcon;
				ASSETCATALOG_COMPILER_GLOBAL_ACCENT_COLOR_NAME = AccentColor;
				CODE_SIGN_STYLE = Automatic;
				CURRENT_PROJECT_VERSION = 1;
				DEVELOPMENT_TEAM = 8J26HD2485;
				GENERATE_INFOPLIST_FILE = YES;
				INFOPLIST_FILE = myProject/Info.plist;
				INFOPLIST_KEY_UIApplicationSupportsIndirectInputEvents = YES;
				INFOPLIST_KEY_UILaunchStoryboardName = LaunchScreen;
				INFOPLIST_KEY_UIMainStoryboardFile = Main;
				INFOPLIST_KEY_UISupportedInterfaceOrientations_iPad = "UIInterfaceOrientationPortrait UIInterfaceOrientationPortraitUpsideDown UIInterfaceOrientationLandscapeLeft UIInterfaceOrientationLandscapeRight";
				INFOPLIST_KEY_UISupportedInterfaceOrientations_iPhone = "UIInterfaceOrientationPortrait UIInterfaceOrientationLandscapeLeft UIInterfaceOrientationLandscapeRight";
				LD_RUNPATH_SEARCH_PATHS = (
					"$(inherited)",
					"@executable_path/Frameworks",
				);
				MARKETING_VERSION = 1.0;
				PRODUCT_BUNDLE_IDENTIFIER = mubin.khan.myProject;
				PRODUCT_NAME = "$(TARGET_NAME)";
				SWIFT_EMIT_LOC_STRINGS = YES;
				SWIFT_VERSION = 5.0;
				TARGETED_DEVICE_FAMILY = "1,2";
			};
			name = Release;
		};
/* End XCBuildConfiguration section */

/* Begin XCConfigurationList section */
		698DC523286AF3EC00ACB330 /* Build configuration list for PBXProject "myProject" */ = {
			isa = XCConfigurationList;
			buildConfigurations = (
				698DC53A286AF3ED00ACB330 /* Debug */,
				698DC53B286AF3ED00ACB330 /* Release */,
			);
			defaultConfigurationIsVisible = 0;
			defaultConfigurationName = Release;
		};
		698DC53C286AF3ED00ACB330 /* Build configuration list for PBXNativeTarget "myProject" */ = {
			isa = XCConfigurationList;
			buildConfigurations = (
				698DC53D286AF3ED00ACB330 /* Debug */,
				698DC53E286AF3ED00ACB330 /* Release */,
			);
			defaultConfigurationIsVisible = 0;
			defaultConfigurationName = Release;
		};
/* End XCConfigurationList section */
	};
	rootObject = 698DC520286AF3EC00ACB330 /* Project object */;
}
